
Microsoft Visual Studio Solution File, Format Version 12.00
# Visual Studio Version 17
VisualStudioVersion = 17.12.35707.178 d17.12
MinimumVisualStudioVersion = 10.0.40219.1
Project("{FAE04EC0-301F-11D3-BF4B-00C04F79EFBC}") = "ShopSomthing", "ShopSomthing\ShopSomthing.csproj", "{A514BBD5-DEE1-40E1-92A4-65CCB57D09DA}"
EndProject
Global
	GlobalSection(SolutionConfigurationPlatforms) = preSolution
		Debug|Any CPU = Debug|Any CPU
		Release|Any CPU = Release|Any CPU
	EndGlobalSection
	GlobalSection(ProjectConfigurationPlatforms) = postSolution
		{A514BBD5-DEE1-40E1-92A4-65CCB57D09DA}.Debug|Any CPU.ActiveCfg = Debug|Any CPU
		{A514BBD5-DEE1-40E1-92A4-65CCB57D09DA}.Debug|Any CPU.Build.0 = Debug|Any CPU
		{A514BBD5-DEE1-40E1-92A4-65CCB57D09DA}.Release|Any CPU.ActiveCfg = Release|Any CPU
		{A514BBD5-DEE1-40E1-92A4-65CCB57D09DA}.Release|Any CPU.Build.0 = Release|Any CPU
	EndGlobalSection
	GlobalSection(SolutionProperties) = preSolution
		HideSolutionNode = FALSE
	EndGlobalSection
EndGlobal
